
Microsoft Visual Studio Solution File, Format Version 12.00
# Visual Studio 15
VisualStudioVersion = 15.0.28307.2092
MinimumVisualStudioVersion = 10.0.40219.1
Project("{FAE04EC0-301F-11D3-BF4B-00C04F79EFBC}") = "ChessEngine", "ChessEngine\ChessEngine.csproj", "{EC2E97AB-8BF8-48F6-A6F1-A9E28F150531}"
EndProject
Global
	GlobalSection(SolutionConfigurationPlatforms) = preSolution
		Debug|Any CPU = Debug|Any CPU
		Debug|x64 = Debug|x64
		Release|Any CPU = Release|Any CPU
		Release|x64 = Release|x64
	EndGlobalSection
	GlobalSection(ProjectConfigurationPlatforms) = postSolution
		{EC2E97AB-8BF8-48F6-A6F1-A9E28F150531}.Debug|Any CPU.ActiveCfg = Debug|Any CPU
		{EC2E97AB-8BF8-48F6-A6F1-A9E28F150531}.Debug|Any CPU.Build.0 = Debug|Any CPU
		{EC2E97AB-8BF8-48F6-A6F1-A9E28F150531}.Debug|x64.ActiveCfg = Debug|Any CPU
		{EC2E97AB-8BF8-48F6-A6F1-A9E28F150531}.Debug|x64.Build.0 = Debug|Any CPU
		{EC2E97AB-8BF8-48F6-A6F1-A9E28F150531}.Release|Any CPU.ActiveCfg = Release|x64
		{EC2E97AB-8BF8-48F6-A6F1-A9E28F150531}.Release|Any CPU.Build.0 = Release|x64
		{EC2E97AB-8BF8-48F6-A6F1-A9E28F150531}.Release|x64.ActiveCfg = Release|x64
		{EC2E97AB-8BF8-48F6-A6F1-A9E28F150531}.Release|x64.Build.0 = Release|x64
	EndGlobalSection
	GlobalSection(SolutionProperties) = preSolution
		HideSolutionNode = FALSE
	EndGlobalSection
	GlobalSection(ExtensibilityGlobals) = postSolution
		SolutionGuid = {90902380-D528-4D25-AE1E-02C0CF1FD20D}
	EndGlobalSection
EndGlobal
